
Microsoft Visual Studio Solution File, Format Version 12.00
# Visual Studio Version 17
VisualStudioVersion = 17.4.33213.308
MinimumVisualStudioVersion = 10.0.40219.1
Project("{9A19103F-16F7-4668-BE54-9A1E7A4F7556}") = "Glücksrad", "Glücksrad\Glücksrad.csproj", "{1833993E-97F2-4D31-9D38-CEF9E8F81D9D}"
EndProject
Global
	GlobalSection(SolutionConfigurationPlatforms) = preSolution
		Debug|Any CPU = Debug|Any CPU
		Release|Any CPU = Release|Any CPU
	EndGlobalSection
	GlobalSection(ProjectConfigurationPlatforms) = postSolution
		{1833993E-97F2-4D31-9D38-CEF9E8F81D9D}.Debug|Any CPU.ActiveCfg = Debug|Any CPU
		{1833993E-97F2-4D31-9D38-CEF9E8F81D9D}.Debug|Any CPU.Build.0 = Debug|Any CPU
		{1833993E-97F2-4D31-9D38-CEF9E8F81D9D}.Release|Any CPU.ActiveCfg = Release|Any CPU
		{1833993E-97F2-4D31-9D38-CEF9E8F81D9D}.Release|Any CPU.Build.0 = Release|Any CPU
	EndGlobalSection
	GlobalSection(SolutionProperties) = preSolution
		HideSolutionNode = FALSE
	EndGlobalSection
	GlobalSection(ExtensibilityGlobals) = postSolution
		SolutionGuid = {534448A6-8199-454C-A200-E08B0CACBB2F}
	EndGlobalSection
EndGlobal
